
Microsoft Visual Studio Solution File, Format Version 12.00
# Visual Studio 15
VisualStudioVersion = 15.0.25909.2
MinimumVisualStudioVersion = 10.0.40219.1
Project("{2150E333-8FDC-42A3-9474-1A3956D46DE8}") = "src", "src", "{18AA09FE-872F-4A5F-BF90-430AB7BCFB37}"
EndProject
Project("{9A19103F-16F7-4668-BE54-9A1E7A4F7556}") = "Marketing", "src\Marketing\Marketing.csproj", "{C5C81A68-2D92-4889-9035-040AA5D3FB1D}"
EndProject
Global
	GlobalSection(SolutionConfigurationPlatforms) = preSolution
		Debug|Any CPU = Debug|Any CPU
		Release|Any CPU = Release|Any CPU
	EndGlobalSection
	GlobalSection(ProjectConfigurationPlatforms) = postSolution
		{C5C81A68-2D92-4889-9035-040AA5D3FB1D}.Debug|Any CPU.ActiveCfg = Debug|Any CPU
		{C5C81A68-2D92-4889-9035-040AA5D3FB1D}.Debug|Any CPU.Build.0 = Debug|Any CPU
		{C5C81A68-2D92-4889-9035-040AA5D3FB1D}.Release|Any CPU.ActiveCfg = Release|Any CPU
		{C5C81A68-2D92-4889-9035-040AA5D3FB1D}.Release|Any CPU.Build.0 = Release|Any CPU
	EndGlobalSection
	GlobalSection(SolutionProperties) = preSolution
		HideSolutionNode = FALSE
	EndGlobalSection
	GlobalSection(NestedProjects) = preSolution
		{C5C81A68-2D92-4889-9035-040AA5D3FB1D} = {18AA09FE-872F-4A5F-BF90-430AB7BCFB37}
	EndGlobalSection
EndGlobal
